
Microsoft Visual Studio Solution File, Format Version 12.00
# Visual Studio 15
VisualStudioVersion = 15.0.26430.16
MinimumVisualStudioVersion = 10.0.40219.1
Project("{FAE04EC0-301F-11D3-BF4B-00C04F79EFBC}") = "MoviesDB.Web", "MoviesDB.Web\MoviesDB.Web.csproj", "{EE9959B5-E55E-4F80-B23D-FBD9CBF7B13A}"
EndProject
Project("{FAE04EC0-301F-11D3-BF4B-00C04F79EFBC}") = "MoviesDB.Models", "MoviesDB.Models\MoviesDB.Models.csproj", "{2416CF2E-47AB-47EA-858B-9603EF078E2E}"
EndProject
Project("{FAE04EC0-301F-11D3-BF4B-00C04F79EFBC}") = "MoviesDB.Data", "MoviesDB.Data\MoviesDB.Data.csproj", "{7020CC9F-1CB5-43A5-910B-0570F39A9F06}"
EndProject
Global
	GlobalSection(SolutionConfigurationPlatforms) = preSolution
		Debug|Any CPU = Debug|Any CPU
		Release|Any CPU = Release|Any CPU
	EndGlobalSection
	GlobalSection(ProjectConfigurationPlatforms) = postSolution
		{EE9959B5-E55E-4F80-B23D-FBD9CBF7B13A}.Debug|Any CPU.ActiveCfg = Debug|Any CPU
		{EE9959B5-E55E-4F80-B23D-FBD9CBF7B13A}.Debug|Any CPU.Build.0 = Debug|Any CPU
		{EE9959B5-E55E-4F80-B23D-FBD9CBF7B13A}.Release|Any CPU.ActiveCfg = Release|Any CPU
		{EE9959B5-E55E-4F80-B23D-FBD9CBF7B13A}.Release|Any CPU.Build.0 = Release|Any CPU
		{2416CF2E-47AB-47EA-858B-9603EF078E2E}.Debug|Any CPU.ActiveCfg = Debug|Any CPU
		{2416CF2E-47AB-47EA-858B-9603EF078E2E}.Debug|Any CPU.Build.0 = Debug|Any CPU
		{2416CF2E-47AB-47EA-858B-9603EF078E2E}.Release|Any CPU.ActiveCfg = Release|Any CPU
		{2416CF2E-47AB-47EA-858B-9603EF078E2E}.Release|Any CPU.Build.0 = Release|Any CPU
		{7020CC9F-1CB5-43A5-910B-0570F39A9F06}.Debug|Any CPU.ActiveCfg = Debug|Any CPU
		{7020CC9F-1CB5-43A5-910B-0570F39A9F06}.Debug|Any CPU.Build.0 = Debug|Any CPU
		{7020CC9F-1CB5-43A5-910B-0570F39A9F06}.Release|Any CPU.ActiveCfg = Release|Any CPU
		{7020CC9F-1CB5-43A5-910B-0570F39A9F06}.Release|Any CPU.Build.0 = Release|Any CPU
	EndGlobalSection
	GlobalSection(SolutionProperties) = preSolution
		HideSolutionNode = FALSE
	EndGlobalSection
EndGlobal
